Microsoft Visual Studio Solution File, Format Version 11.00
# Visual Studio 2008

Project("{C28D2521-A737-C940-5811-F5C153E74B64}") = "Match 3 Game", "Assembly-UnityScript.unityproj", "{80E97F5B-2AEF-B5C6-3268-9AA66AA46D44}"
EndProject
Global
	GlobalSection(SolutionConfigurationPlatforms) = preSolution
		Debug|Any CPU = Debug|Any CPU
		Release|Any CPU = Release|Any CPU
	EndGlobalSection
	GlobalSection(ProjectConfigurationPlatforms) = postSolution
		{80E97F5B-2AEF-B5C6-3268-9AA66AA46D44}.Debug|Any CPU.ActiveCfg = Debug|Any CPU
		{80E97F5B-2AEF-B5C6-3268-9AA66AA46D44}.Debug|Any CPU.Build.0 = Debug|Any CPU
		{80E97F5B-2AEF-B5C6-3268-9AA66AA46D44}.Release|Any CPU.ActiveCfg = Release|Any CPU
		{80E97F5B-2AEF-B5C6-3268-9AA66AA46D44}.Release|Any CPU.Build.0 = Release|Any CPU
	EndGlobalSection
	GlobalSection(SolutionProperties) = preSolution
		HideSolutionNode = FALSE
	EndGlobalSection
	GlobalSection(MonoDevelopProperties) = preSolution
		StartupItem = Assembly-CSharp.csproj
	EndGlobalSection
EndGlobal
